github.com/goombaio/namegenerator v0.0.0-20181006234301-989e774b106e h1:XmA6L9IPRdUr28a+SK/oMchGgQy159wvzXA5tJ7l+40=
github.com/goombaio/namegenerator v0.0.0-20181006234301-989e774b106e/go.mod h1:AFIo+02s+12CEg8Gzz9kzhCbmbq6JcKNrhHffCGA9z4=
github.com/sethvargo/go-password v0.3.0 h1:OLFHZ91Z7NiNP3dnaPxLxCDXlb6TBuxFzMvv6bu+Ptw=
github.com/sethvargo/go-password v0.3.0/go.mod h1:p6we8DZ0eyYXof9pon7Cqrw98N4KTaYiadDml1dUEEw=
